
Microsoft Visual Studio Solution File, Format Version 12.00
# Visual Studio Version 17
VisualStudioVersion = 17.0.31903.59
MinimumVisualStudioVersion = 10.0.40219.1
Project("{FAE04EC0-301F-11D3-BF4B-00C04F79EFBC}") = "TicketLib", "TicketLib\TicketLib.csproj", "{66D07B78-FEDF-4A49-9D68-7FF7A0039452}"
EndProject
Project("{FAE04EC0-301F-11D3-BF4B-00C04F79EFBC}") = "TicketTests", "TicketTests\TicketTests.csproj", "{6F2DA700-D496-482F-8010-7E24C403B277}"
EndProject
Project("{FAE04EC0-301F-11D3-BF4B-00C04F79EFBC}") = "Ticket.Console", "Ticket.Console\Ticket.Console.csproj", "{EEEB1956-2BE5-4DC8-87BD-B6A0BFCF94EC}"
EndProject
Global
	GlobalSection(SolutionConfigurationPlatforms) = preSolution
		Debug|Any CPU = Debug|Any CPU
		Release|Any CPU = Release|Any CPU
	EndGlobalSection
	GlobalSection(SolutionProperties) = preSolution
		HideSolutionNode = FALSE
	EndGlobalSection
	GlobalSection(ProjectConfigurationPlatforms) = postSolution
		{66D07B78-FEDF-4A49-9D68-7FF7A0039452}.Debug|Any CPU.ActiveCfg = Debug|Any CPU
		{66D07B78-FEDF-4A49-9D68-7FF7A0039452}.Debug|Any CPU.Build.0 = Debug|Any CPU
		{66D07B78-FEDF-4A49-9D68-7FF7A0039452}.Release|Any CPU.ActiveCfg = Release|Any CPU
		{66D07B78-FEDF-4A49-9D68-7FF7A0039452}.Release|Any CPU.Build.0 = Release|Any CPU
		{6F2DA700-D496-482F-8010-7E24C403B277}.Debug|Any CPU.ActiveCfg = Debug|Any CPU
		{6F2DA700-D496-482F-8010-7E24C403B277}.Debug|Any CPU.Build.0 = Debug|Any CPU
		{6F2DA700-D496-482F-8010-7E24C403B277}.Release|Any CPU.ActiveCfg = Release|Any CPU
		{6F2DA700-D496-482F-8010-7E24C403B277}.Release|Any CPU.Build.0 = Release|Any CPU
		{EEEB1956-2BE5-4DC8-87BD-B6A0BFCF94EC}.Debug|Any CPU.ActiveCfg = Debug|Any CPU
		{EEEB1956-2BE5-4DC8-87BD-B6A0BFCF94EC}.Debug|Any CPU.Build.0 = Debug|Any CPU
		{EEEB1956-2BE5-4DC8-87BD-B6A0BFCF94EC}.Release|Any CPU.ActiveCfg = Release|Any CPU
		{EEEB1956-2BE5-4DC8-87BD-B6A0BFCF94EC}.Release|Any CPU.Build.0 = Release|Any CPU
	EndGlobalSection
EndGlobal
